
Microsoft Visual Studio Solution File, Format Version 12.00
# Visual Studio 2013
VisualStudioVersion = 12.0.30723.0
MinimumVisualStudioVersion = 10.0.40219.1
Project("{FAE04EC0-301F-11D3-BF4B-00C04F79EFBC}") = "MaintenanceTracker.Web", "MaintenanceTracker\MaintenanceTracker.Web.csproj", "{2CC68B78-EECB-4316-9647-85A8F4191C59}"
EndProject
Project("{FAE04EC0-301F-11D3-BF4B-00C04F79EFBC}") = "MaintenanceTracker.Tests", "MaintenanceTracker.Tests\MaintenanceTracker.Tests.csproj", "{9037AC51-119F-4905-8355-78B09FCA8682}"
EndProject
Project("{FAE04EC0-301F-11D3-BF4B-00C04F79EFBC}") = "MaintenanceTracker.Domain", "MaintenanceTracker.Model\MaintenanceTracker.Domain.csproj", "{09B5BEB6-B302-48E2-AF87-6A4BA7689BC9}"
EndProject
Global
	GlobalSection(SolutionConfigurationPlatforms) = preSolution
		Debug|Any CPU = Debug|Any CPU
		Release|Any CPU = Release|Any CPU
	EndGlobalSection
	GlobalSection(ProjectConfigurationPlatforms) = postSolution
		{2CC68B78-EECB-4316-9647-85A8F4191C59}.Debug|Any CPU.ActiveCfg = Debug|Any CPU
		{2CC68B78-EECB-4316-9647-85A8F4191C59}.Debug|Any CPU.Build.0 = Debug|Any CPU
		{2CC68B78-EECB-4316-9647-85A8F4191C59}.Release|Any CPU.ActiveCfg = Release|Any CPU
		{2CC68B78-EECB-4316-9647-85A8F4191C59}.Release|Any CPU.Build.0 = Release|Any CPU
		{9037AC51-119F-4905-8355-78B09FCA8682}.Debug|Any CPU.ActiveCfg = Debug|Any CPU
		{9037AC51-119F-4905-8355-78B09FCA8682}.Debug|Any CPU.Build.0 = Debug|Any CPU
		{9037AC51-119F-4905-8355-78B09FCA8682}.Release|Any CPU.ActiveCfg = Release|Any CPU
		{9037AC51-119F-4905-8355-78B09FCA8682}.Release|Any CPU.Build.0 = Release|Any CPU
		{09B5BEB6-B302-48E2-AF87-6A4BA7689BC9}.Debug|Any CPU.ActiveCfg = Debug|Any CPU
		{09B5BEB6-B302-48E2-AF87-6A4BA7689BC9}.Debug|Any CPU.Build.0 = Debug|Any CPU
		{09B5BEB6-B302-48E2-AF87-6A4BA7689BC9}.Release|Any CPU.ActiveCfg = Release|Any CPU
		{09B5BEB6-B302-48E2-AF87-6A4BA7689BC9}.Release|Any CPU.Build.0 = Release|Any CPU
	EndGlobalSection
	GlobalSection(SolutionProperties) = preSolution
		HideSolutionNode = FALSE
	EndGlobalSection
EndGlobal
